// !$*UTF8*$!
{
	archiveVersion = 1;
	classes = {
	};
	objectVersion = 50;
	objects = {

/* Begin PBXBuildFile section */
		24149D3823D6936800C769A1 /* PlayerViewController.swift in Sources */ = {isa = PBXBuildFile; fileRef = 24149D3723D6936800C769A1 /* PlayerViewController.swift */; };
		24149D3C23D7EC3600C769A1 /* TransferViewController.swift in Sources */ = {isa = PBXBuildFile; fileRef = 24149D3B23D7EC3600C769A1 /* TransferViewController.swift */; };
		24341C7923DBE9B6009D6730 /* delete.png in Resources */ = {isa = PBXBuildFile; fileRef = 24341C7823DBE9B6009D6730 /* delete.png */; };
		24341C7B23DC00FE009D6730 /* TimerViewController.swift in Sources */ = {isa = PBXBuildFile; fileRef = 24341C7A23DC00FE009D6730 /* TimerViewController.swift */; };
		24341C8023DC9A84009D6730 /* upArrow.png in Resources */ = {isa = PBXBuildFile; fileRef = 24341C7E23DC9A83009D6730 /* upArrow.png */; };
		24341C8123DC9A84009D6730 /* downArrow.png in Resources */ = {isa = PBXBuildFile; fileRef = 24341C7F23DC9A84009D6730 /* downArrow.png */; };
		24341C8323DC9D6F009D6730 /* transfer.png in Resources */ = {isa = PBXBuildFile; fileRef = 24341C8223DC9D6E009D6730 /* transfer.png */; };
		24A3D32323E7560700AF1149 /* addUser.png in Resources */ = {isa = PBXBuildFile; fileRef = 24A3D32223E7560700AF1149 /* addUser.png */; };
		24D2474623BBE79800660F11 /* DetailTableViewController.swift in Sources */ = {isa = PBXBuildFile; fileRef = 24D2474523BBE79800660F11 /* DetailTableViewController.swift */; };
		24D9B5D222F91515009B65C9 /* AppDelegate.swift in Sources */ = {isa = PBXBuildFile; fileRef = 24D9B5D122F91515009B65C9 /* AppDelegate.swift */; };
		24D9B5D722F91515009B65C9 /* Main.storyboard in Resources */ = {isa = PBXBuildFile; fileRef = 24D9B5D522F91515009B65C9 /* Main.storyboard */; };
		24D9B5D922F91516009B65C9 /* Assets.xcassets in Resources */ = {isa = PBXBuildFile; fileRef = 24D9B5D822F91516009B65C9 /* Assets.xcassets */; };
		24D9B5DC22F91516009B65C9 /* LaunchScreen.storyboard in Resources */ = {isa = PBXBuildFile; fileRef = 24D9B5DA22F91516009B65C9 /* LaunchScreen.storyboard */; };
		24F7B2B623DD066B008F3072 /* buzzer.wav in Resources */ = {isa = PBXBuildFile; fileRef = 24F7B2B523DD0669008F3072 /* buzzer.wav */; };
		24F7B2B923DD1315008F3072 /* pointsDown.mp3 in Resources */ = {isa = PBXBuildFile; fileRef = 24F7B2B723DD1314008F3072 /* pointsDown.mp3 */; };
		24F7B2BA23DD1315008F3072 /* pointsUp.wav in Resources */ = {isa = PBXBuildFile; fileRef = 24F7B2B823DD1315008F3072 /* pointsUp.wav */; };
		24F7B2BC23DD2331008F3072 /* transfer.wav in Resources */ = {isa = PBXBuildFile; fileRef = 24F7B2BB23DD2330008F3072 /* transfer.wav */; };
		24F7B2BE23DD2FF6008F3072 /* LogTableViewController.swift in Sources */ = {isa = PBXBuildFile; fileRef = 24F7B2BD23DD2FF6008F3072 /* LogTableViewController.swift */; };
		24F7B2C023DDF250008F3072 /* AddPlayerViewController.swift in Sources */ = {isa = PBXBuildFile; fileRef = 24F7B2BF23DDF250008F3072 /* AddPlayerViewController.swift */; };
/* End PBXBuildFile section */

/* Begin PBXFileReference section */
		24149D3723D6936800C769A1 /* PlayerViewController.swift */ = {isa = PBXFileReference; lastKnownFileType = sourcecode.swift; path = PlayerViewController.swift; sourceTree = "<group>"; };
		24149D3B23D7EC3600C769A1 /* TransferViewController.swift */ = {isa = PBXFileReference; lastKnownFileType = sourcecode.swift; path = TransferViewController.swift; sourceTree = "<group>"; };
		24341C7823DBE9B6009D6730 /* delete.png */ = {isa = PBXFileReference; lastKnownFileType = image.png; path = delete.png; sourceTree = "<group>"; };
		24341C7A23DC00FE009D6730 /* TimerViewController.swift */ = {isa = PBXFileReference; lastKnownFileType = sourcecode.swift; path = TimerViewController.swift; sourceTree = "<group>"; };
		24341C7E23DC9A83009D6730 /* upArrow.png */ = {isa = PBXFileReference; lastKnownFileType = image.png; path = upArrow.png; sourceTree = "<group>"; };
		24341C7F23DC9A84009D6730 /* downArrow.png */ = {isa = PBXFileReference; lastKnownFileType = image.png; path = downArrow.png; sourceTree = "<group>"; };
		24341C8223DC9D6E009D6730 /* transfer.png */ = {isa = PBXFileReference; lastKnownFileType = image.png; path = transfer.png; sourceTree = "<group>"; };
		24A3D32223E7560700AF1149 /* addUser.png */ = {isa = PBXFileReference; lastKnownFileType = image.png; path = addUser.png; sourceTree = "<group>"; };
		24D2474523BBE79800660F11 /* DetailTableViewController.swift */ = {isa = PBXFileReference; lastKnownFileType = sourcecode.swift; path = DetailTableViewController.swift; sourceTree = "<group>"; };
		24D9B5CE22F91515009B65C9 /* ScoreKeeper.app */ = {isa = PBXFileReference; explicitFileType = wrapper.application; includeInIndex = 0; path = ScoreKeeper.app; sourceTree = BUILT_PRODUCTS_DIR; };
		24D9B5D122F91515009B65C9 /* AppDelegate.swift */ = {isa = PBXFileReference; lastKnownFileType = sourcecode.swift; path = AppDelegate.swift; sourceTree = "<group>"; };
		24D9B5D622F91515009B65C9 /* Base */ = {isa = PBXFileReference; lastKnownFileType = file.storyboard; name = Base; path = Base.lproj/Main.storyboard; sourceTree = "<group>"; };
		24D9B5D822F91516009B65C9 /* Assets.xcassets */ = {isa = PBXFileReference; lastKnownFileType = folder.assetcatalog; path = Assets.xcassets; sourceTree = "<group>"; };
		24D9B5DB22F91516009B65C9 /* Base */ = {isa = PBXFileReference; lastKnownFileType = file.storyboard; name = Base; path = Base.lproj/LaunchScreen.storyboard; sourceTree = "<group>"; };
		24D9B5DD22F91516009B65C9 /* Info.plist */ = {isa = PBXFileReference; lastKnownFileType = text.plist.xml; path = Info.plist; sourceTree = "<group>"; };
		24F7B2B523DD0669008F3072 /* buzzer.wav */ = {isa = PBXFileReference; lastKnownFileType = audio.wav; path = buzzer.wav; sourceTree = "<group>"; };
		24F7B2B723DD1314008F3072 /* pointsDown.mp3 */ = {isa = PBXFileReference; lastKnownFileType = audio.mp3; path = pointsDown.mp3; sourceTree = "<group>"; };
		24F7B2B823DD1315008F3072 /* pointsUp.wav */ = {isa = PBXFileReference; lastKnownFileType = audio.wav; path = pointsUp.wav; sourceTree = "<group>"; };
		24F7B2BB23DD2330008F3072 /* transfer.wav */ = {isa = PBXFileReference; lastKnownFileType = audio.wav; path = transfer.wav; sourceTree = "<group>"; };
		24F7B2BD23DD2FF6008F3072 /* LogTableViewController.swift */ = {isa = PBXFileReference; lastKnownFileType = sourcecode.swift; path = LogTableViewController.swift; sourceTree = "<group>"; };
		24F7B2BF23DDF250008F3072 /* AddPlayerViewController.swift */ = {isa = PBXFileReference; lastKnownFileType = sourcecode.swift; path = AddPlayerViewController.swift; sourceTree = "<group>"; };
/* End PBXFileReference section */

/* Begin PBXFrameworksBuildPhase section */
		24D9B5CB22F91515009B65C9 /* Frameworks */ = {
			isa = PBXFrameworksBuildPhase;
			buildActionMask = 2147483647;
			files = (
			);
			runOnlyForDeploymentPostprocessing = 0;
		};
/* End PBXFrameworksBuildPhase section */

/* Begin PBXGroup section */
		243C26C523E5DD1D000E3495 /* ViewControllers */ = {
			isa = PBXGroup;
			children = (
				24F7B2BF23DDF250008F3072 /* AddPlayerViewController.swift */,
				24D2474523BBE79800660F11 /* DetailTableViewController.swift */,
				24F7B2BD23DD2FF6008F3072 /* LogTableViewController.swift */,
				24149D3723D6936800C769A1 /* PlayerViewController.swift */,
				24341C7A23DC00FE009D6730 /* TimerViewController.swift */,
				24149D3B23D7EC3600C769A1 /* TransferViewController.swift */,
			);
			name = ViewControllers;
			path = "New Group";
			sourceTree = "<group>";
		};
		243C26C623E5DD2B000E3495 /* Images */ = {
			isa = PBXGroup;
			children = (
				24A3D32223E7560700AF1149 /* addUser.png */,
				24341C7823DBE9B6009D6730 /* delete.png */,
				24341C7F23DC9A84009D6730 /* downArrow.png */,
				24341C7E23DC9A83009D6730 /* upArrow.png */,
				24341C8223DC9D6E009D6730 /* transfer.png */,
			);
			path = Images;
			sourceTree = "<group>";
		};
		243C26C723E5DD4D000E3495 /* Audio */ = {
			isa = PBXGroup;
			children = (
				24F7B2B523DD0669008F3072 /* buzzer.wav */,
				24F7B2BB23DD2330008F3072 /* transfer.wav */,
				24F7B2B723DD1314008F3072 /* pointsDown.mp3 */,
				24F7B2B823DD1315008F3072 /* pointsUp.wav */,
			);
			path = Audio;
			sourceTree = "<group>";
		};
		24D9B5C522F91514009B65C9 = {
			isa = PBXGroup;
			children = (
				24D9B5D022F91515009B65C9 /* ScoreKeeper */,
				24D9B5CF22F91515009B65C9 /* Products */,
			);
			sourceTree = "<group>";
		};
		24D9B5CF22F91515009B65C9 /* Products */ = {
			isa = PBXGroup;
			children = (
				24D9B5CE22F91515009B65C9 /* ScoreKeeper.app */,
			);
			name = Products;
			sourceTree = "<group>";
		};
		24D9B5D022F91515009B65C9 /* ScoreKeeper */ = {
			isa = PBXGroup;
			children = (
				243C26C723E5DD4D000E3495 /* Audio */,
				243C26C623E5DD2B000E3495 /* Images */,
				243C26C523E5DD1D000E3495 /* ViewControllers */,
				24D9B5D822F91516009B65C9 /* Assets.xcassets */,
				24D9B5D122F91515009B65C9 /* AppDelegate.swift */,
				24D9B5D522F91515009B65C9 /* Main.storyboard */,
				24D9B5DA22F91516009B65C9 /* LaunchScreen.storyboard */,
				24D9B5DD22F91516009B65C9 /* Info.plist */,
			);
			path = ScoreKeeper;
			sourceTree = "<group>";
		};
/* End PBXGroup section */

/* Begin PBXNativeTarget section */
		24D9B5CD22F91515009B65C9 /* ScoreKeeper */ = {
			isa = PBXNativeTarget;
			buildConfigurationList = 24D9B5E022F91516009B65C9 /* Build configuration list for PBXNativeTarget "ScoreKeeper" */;
			buildPhases = (
				24D9B5CA22F91515009B65C9 /* Sources */,
				24D9B5CB22F91515009B65C9 /* Frameworks */,
				24D9B5CC22F91515009B65C9 /* Resources */,
			);
			buildRules = (
			);
			dependencies = (
			);
			name = ScoreKeeper;
			productName = ScoreKeeper;
			productReference = 24D9B5CE22F91515009B65C9 /* ScoreKeeper.app */;
			productType = "com.apple.product-type.application";
		};
/* End PBXNativeTarget section */

/* Begin PBXProject section */
		24D9B5C622F91514009B65C9 /* Project object */ = {
			isa = PBXProject;
			attributes = {
				LastSwiftUpdateCheck = 1030;
				LastUpgradeCheck = 1030;
				ORGANIZATIONNAME = "Thomas Kellough";
				TargetAttributes = {
					24D9B5CD22F91515009B65C9 = {
						CreatedOnToolsVersion = 10.3;
					};
				};
			};
			buildConfigurationList = 24D9B5C922F91515009B65C9 /* Build configuration list for PBXProject "ScoreKeeper" */;
			compatibilityVersion = "Xcode 9.3";
			developmentRegion = en;
			hasScannedForEncodings = 0;
			knownRegions = (
				en,
				Base,
			);
			mainGroup = 24D9B5C522F91514009B65C9;
			productRefGroup = 24D9B5CF22F91515009B65C9 /* Products */;
			projectDirPath = "";
			projectRoot = "";
			targets = (
				24D9B5CD22F91515009B65C9 /* ScoreKeeper */,
			);
		};
/* End PBXProject section */

/* Begin PBXResourcesBuildPhase section */
		24D9B5CC22F91515009B65C9 /* Resources */ = {
			isa = PBXResourcesBuildPhase;
			buildActionMask = 2147483647;
			files = (
				24F7B2B623DD066B008F3072 /* buzzer.wav in Resources */,
				24341C7923DBE9B6009D6730 /* delete.png in Resources */,
				24A3D32323E7560700AF1149 /* addUser.png in Resources */,
				24F7B2BA23DD1315008F3072 /* pointsUp.wav in Resources */,
				24341C8323DC9D6F009D6730 /* transfer.png in Resources */,
				24F7B2BC23DD2331008F3072 /* transfer.wav in Resources */,
				24341C8023DC9A84009D6730 /* upArrow.png in Resources */,
				24D9B5DC22F91516009B65C9 /* LaunchScreen.storyboard in Resources */,
				24F7B2B923DD1315008F3072 /* pointsDown.mp3 in Resources */,
				24341C8123DC9A84009D6730 /* downArrow.png in Resources */,
				24D9B5D922F91516009B65C9 /* Assets.xcassets in Resources */,
				24D9B5D722F91515009B65C9 /* Main.storyboard in Resources */,
			);
			runOnlyForDeploymentPostprocessing = 0;
		};
/* End PBXResourcesBuildPhase section */

/* Begin PBXSourcesBuildPhase section */
		24D9B5CA22F91515009B65C9 /* Sources */ = {
			isa = PBXSourcesBuildPhase;
			buildActionMask = 2147483647;
			files = (
				24F7B2C023DDF250008F3072 /* AddPlayerViewController.swift in Sources */,
				24F7B2BE23DD2FF6008F3072 /* LogTableViewController.swift in Sources */,
				24341C7B23DC00FE009D6730 /* TimerViewController.swift in Sources */,
				24D2474623BBE79800660F11 /* DetailTableViewController.swift in Sources */,
				24D9B5D222F91515009B65C9 /* AppDelegate.swift in Sources */,
				24149D3823D6936800C769A1 /* PlayerViewController.swift in Sources */,
				24149D3C23D7EC3600C769A1 /* TransferViewController.swift in Sources */,
			);
			runOnlyForDeploymentPostprocessing = 0;
		};
/* End PBXSourcesBuildPhase section */

/* Begin PBXVariantGroup section */
		24D9B5D522F91515009B65C9 /* Main.storyboard */ = {
			isa = PBXVariantGroup;
			children = (
				24D9B5D622F91515009B65C9 /* Base */,
			);
			name = Main.storyboard;
			sourceTree = "<group>";
		};
		24D9B5DA22F91516009B65C9 /* LaunchScreen.storyboard */ = {
			isa = PBXVariantGroup;
			children = (
				24D9B5DB22F91516009B65C9 /* Base */,
			);
			name = LaunchScreen.storyboard;
			sourceTree = "<group>";
		};
/* End PBXVariantGroup section */

/* Begin XCBuildConfiguration section */
		24D9B5DE22F91516009B65C9 /* Debug */ = {
			isa = XCBuildConfiguration;
			buildSettings = {
				ALWAYS_SEARCH_USER_PATHS = NO;
				CLANG_ANALYZER_NONNULL = YES;
				CLANG_ANALYZER_NUMBER_OBJECT_CONVERSION = YES_AGGRESSIVE;
				CLANG_CXX_LANGUAGE_STANDARD = "gnu++14";
				CLANG_CXX_LIBRARY = "libc++";
				CLANG_ENABLE_MODULES = YES;
				CLANG_ENABLE_OBJC_ARC = YES;
				CLANG_ENABLE_OBJC_WEAK = YES;
				CLANG_WARN_BLOCK_CAPTURE_AUTORELEASING = YES;
				CLANG_WARN_BOOL_CONVERSION = YES;
				CLANG_WARN_COMMA = YES;
				CLANG_WARN_CONSTANT_CONVERSION = YES;
				CLANG_WARN_DEPRECATED_OBJC_IMPLEMENTATIONS = YES;
				CLANG_WARN_DIRECT_OBJC_ISA_USAGE = YES_ERROR;
				CLANG_WARN_DOCUMENTATION_COMMENTS = YES;
				CLANG_WARN_EMPTY_BODY = YES;
				CLANG_WARN_ENUM_CONVERSION = YES;
				CLANG_WARN_INFINITE_RECURSION = YES;
				CLANG_WARN_INT_CONVERSION = YES;
				CLANG_WARN_NON_LITERAL_NULL_CONVERSION = YES;
				CLANG_WARN_OBJC_IMPLICIT_RETAIN_SELF = YES;
				CLANG_WARN_OBJC_LITERAL_CONVERSION = YES;
				CLANG_WARN_OBJC_ROOT_CLASS = YES_ERROR;
				CLANG_WARN_RANGE_LOOP_ANALYSIS = YES;
				CLANG_WARN_STRICT_PROTOTYPES = YES;
				CLANG_WARN_SUSPICIOUS_MOVE = YES;
				CLANG_WARN_UNGUARDED_AVAILABILITY = YES_AGGRESSIVE;
				CLANG_WARN_UNREACHABLE_CODE = YES;
				CLANG_WARN__DUPLICATE_METHOD_MATCH = YES;
				CODE_SIGN_IDENTITY = "iPhone Developer";
				COPY_PHASE_STRIP = NO;
				DEBUG_INFORMATION_FORMAT = dwarf;
				ENABLE_STRICT_OBJC_MSGSEND = YES;
				ENABLE_TESTABILITY = YES;
				GCC_C_LANGUAGE_STANDARD = gnu11;
				GCC_DYNAMIC_NO_PIC = NO;
				GCC_NO_COMMON_BLOCKS = YES;
				GCC_OPTIMIZATION_LEVEL = 0;
				GCC_PREPROCESSOR_DEFINITIONS = (
					"DEBUG=1",
					"$(inherited)",
				);
				GCC_WARN_64_TO_32_BIT_CONVERSION = YES;
				GCC_WARN_ABOUT_RETURN_TYPE = YES_ERROR;
				GCC_WARN_UNDECLARED_SELECTOR = YES;
				GCC_WARN_UNINITIALIZED_AUTOS = YES_AGGRESSIVE;
				GCC_WARN_UNUSED_FUNCTION = YES;
				GCC_WARN_UNUSED_VARIABLE = YES;
				IPHONEOS_DEPLOYMENT_TARGET = 13.0;
				MTL_ENABLE_DEBUG_INFO = INCLUDE_SOURCE;
				MTL_FAST_MATH = YES;
				ONLY_ACTIVE_ARCH = YES;
				SDKROOT = iphoneos;
				SWIFT_ACTIVE_COMPILATION_CONDITIONS = DEBUG;
				SWIFT_OPTIMIZATION_LEVEL = "-Onone";
			};
			name = Debug;
		};
		24D9B5DF22F91516009B65C9 /* Release */ = {
			isa = XCBuildConfiguration;
			buildSettings = {
				ALWAYS_SEARCH_USER_PATHS = NO;
				CLANG_ANALYZER_NONNULL = YES;
				CLANG_ANALYZER_NUMBER_OBJECT_CONVERSION = YES_AGGRESSIVE;
				CLANG_CXX_LANGUAGE_STANDARD = "gnu++14";
				CLANG_CXX_LIBRARY = "libc++";
				CLANG_ENABLE_MODULES = YES;
				CLANG_ENABLE_OBJC_ARC = YES;
				CLANG_ENABLE_OBJC_WEAK = YES;
				CLANG_WARN_BLOCK_CAPTURE_AUTORELEASING = YES;
				CLANG_WARN_BOOL_CONVERSION = YES;
				CLANG_WARN_COMMA = YES;
				CLANG_WARN_CONSTANT_CONVERSION = YES;
				CLANG_WARN_DEPRECATED_OBJC_IMPLEMENTATIONS = YES;
				CLANG_WARN_DIRECT_OBJC_ISA_USAGE = YES_ERROR;
				CLANG_WARN_DOCUMENTATION_COMMENTS = YES;
				CLANG_WARN_EMPTY_BODY = YES;
				CLANG_WARN_ENUM_CONVERSION = YES;
				CLANG_WARN_INFINITE_RECURSION = YES;
				CLANG_WARN_INT_CONVERSION = YES;
				CLANG_WARN_NON_LITERAL_NULL_CONVERSION = YES;
				CLANG_WARN_OBJC_IMPLICIT_RETAIN_SELF = YES;
				CLANG_WARN_OBJC_LITERAL_CONVERSION = YES;
				CLANG_WARN_OBJC_ROOT_CLASS = YES_ERROR;
				CLANG_WARN_RANGE_LOOP_ANALYSIS = YES;
				CLANG_WARN_STRICT_PROTOTYPES = YES;
				CLANG_WARN_SUSPICIOUS_MOVE = YES;
				CLANG_WARN_UNGUARDED_AVAILABILITY = YES_AGGRESSIVE;
				CLANG_WARN_UNREACHABLE_CODE = YES;
				CLANG_WARN__DUPLICATE_METHOD_MATCH = YES;
				CODE_SIGN_IDENTITY = "iPhone Developer";
				COPY_PHASE_STRIP = NO;
				DEBUG_INFORMATION_FORMAT = "dwarf-with-dsym";
				ENABLE_NS_ASSERTIONS = NO;
				ENABLE_STRICT_OBJC_MSGSEND = YES;
				GCC_C_LANGUAGE_STANDARD = gnu11;
				GCC_NO_COMMON_BLOCKS = YES;
				GCC_WARN_64_TO_32_BIT_CONVERSION = YES;
				GCC_WARN_ABOUT_RETURN_TYPE = YES_ERROR;
				GCC_WARN_UNDECLARED_SELECTOR = YES;
				GCC_WARN_UNINITIALIZED_AUTOS = YES_AGGRESSIVE;
				GCC_WARN_UNUSED_FUNCTION = YES;
				GCC_WARN_UNUSED_VARIABLE = YES;
				IPHONEOS_DEPLOYMENT_TARGET = 13.0;
				MTL_ENABLE_DEBUG_INFO = NO;
				MTL_FAST_MATH = YES;
				SDKROOT = iphoneos;
				SWIFT_COMPILATION_MODE = wholemodule;
				SWIFT_OPTIMIZATION_LEVEL = "-O";
				VALIDATE_PRODUCT = YES;
			};
			name = Release;
		};
		24D9B5E122F91516009B65C9 /* Debug */ = {
			isa = XCBuildConfiguration;
			buildSettings = {
				ASSETCATALOG_COMPILER_APPICON_NAME = AppIcon;
				CODE_SIGN_STYLE = Automatic;
				DEVELOPMENT_TEAM = GMC4Z3BP4Y;
				INFOPLIST_FILE = ScoreKeeper/Info.plist;
				IPHONEOS_DEPLOYMENT_TARGET = 12.0;
				LD_RUNPATH_SEARCH_PATHS = (
					"$(inherited)",
					"@executable_path/Frameworks",
				);
				MARKETING_VERSION = 1.3;
				PRODUCT_BUNDLE_IDENTIFIER = com.kellough.ScoreKeeper;
				PRODUCT_NAME = "$(TARGET_NAME)";
				SWIFT_VERSION = 5.0;
				TARGETED_DEVICE_FAMILY = "1,2";
			};
			name = Debug;
		};
		24D9B5E222F91516009B65C9 /* Release */ = {
			isa = XCBuildConfiguration;
			buildSettings = {
				ASSETCATALOG_COMPILER_APPICON_NAME = AppIcon;
				CODE_SIGN_STYLE = Automatic;
				DEVELOPMENT_TEAM = GMC4Z3BP4Y;
				INFOPLIST_FILE = ScoreKeeper/Info.plist;
				IPHONEOS_DEPLOYMENT_TARGET = 12.0;
				LD_RUNPATH_SEARCH_PATHS = (
					"$(inherited)",
					"@executable_path/Frameworks",
				);
				MARKETING_VERSION = 1.3;
				PRODUCT_BUNDLE_IDENTIFIER = com.kellough.ScoreKeeper;
				PRODUCT_NAME = "$(TARGET_NAME)";
				SWIFT_VERSION = 5.0;
				TARGETED_DEVICE_FAMILY = "1,2";
			};
			name = Release;
		};
/* End XCBuildConfiguration section */

/* Begin XCConfigurationList section */
		24D9B5C922F91515009B65C9 /* Build configuration list for PBXProject "ScoreKeeper" */ = {
			isa = XCConfigurationList;
			buildConfigurations = (
				24D9B5DE22F91516009B65C9 /* Debug */,
				24D9B5DF22F91516009B65C9 /* Release */,
			);
			defaultConfigurationIsVisible = 0;
			defaultConfigurationName = Release;
		};
		24D9B5E022F91516009B65C9 /* Build configuration list for PBXNativeTarget "ScoreKeeper" */ = {
			isa = XCConfigurationList;
			buildConfigurations = (
				24D9B5E122F91516009B65C9 /* Debug */,
				24D9B5E222F91516009B65C9 /* Release */,
			);
			defaultConfigurationIsVisible = 0;
			defaultConfigurationName = Release;
		};
/* End XCConfigurationList section */
	};
	rootObject = 24D9B5C622F91514009B65C9 /* Project object */;
}
